
Microsoft Visual Studio Solution File, Format Version 12.00
# Visual Studio Version 17
VisualStudioVersion = 17.0.32112.339
MinimumVisualStudioVersion = 10.0.40219.1
Project("{FAE04EC0-301F-11D3-BF4B-00C04F79EFBC}") = "SampleOne", "SampleOne\SampleOne.csproj", "{E907AA06-DC90-4A12-9DA1-717677D17121}"
EndProject
Global
	GlobalSection(SolutionConfigurationPlatforms) = preSolution
		Debug|Any CPU = Debug|Any CPU
		Release|Any CPU = Release|Any CPU
	EndGlobalSection
	GlobalSection(ProjectConfigurationPlatforms) = postSolution
		{E907AA06-DC90-4A12-9DA1-717677D17121}.Debug|Any CPU.ActiveCfg = Debug|Any CPU
		{E907AA06-DC90-4A12-9DA1-717677D17121}.Debug|Any CPU.Build.0 = Debug|Any CPU
		{E907AA06-DC90-4A12-9DA1-717677D17121}.Release|Any CPU.ActiveCfg = Release|Any CPU
		{E907AA06-DC90-4A12-9DA1-717677D17121}.Release|Any CPU.Build.0 = Release|Any CPU
	EndGlobalSection
	GlobalSection(SolutionProperties) = preSolution
		HideSolutionNode = FALSE
	EndGlobalSection
	GlobalSection(ExtensibilityGlobals) = postSolution
		SolutionGuid = {49B9E466-52CF-4694-990E-3F9A9DF4DDFD}
	EndGlobalSection
EndGlobal
